
Microsoft Visual Studio Solution File, Format Version 12.00
# Visual Studio Version 17
VisualStudioVersion = 17.0.31903.59
MinimumVisualStudioVersion = 10.0.40219.1
Project("{2150E333-8FDC-42A3-9474-1A3956D46DE8}") = "src", "src", "{827E0CD3-B72D-47B6-A68D-7590B98EB39B}"
EndProject
Project("{FAE04EC0-301F-11D3-BF4B-00C04F79EFBC}") = "FlightBookingSystem.Application", "src\FlightBookingSystem.Application\FlightBookingSystem.Application.csproj", "{ACE6EB05-0CDF-4056-B156-05F257B9FED0}"
EndProject
Project("{FAE04EC0-301F-11D3-BF4B-00C04F79EFBC}") = "FlightBookingSystem.Infrastructure", "src\FlightBookingSystem.Infrastructure\FlightBookingSystem.Infrastructure.csproj", "{C34D090F-606F-4487-92EE-58E73A142F59}"
EndProject
Project("{FAE04EC0-301F-11D3-BF4B-00C04F79EFBC}") = "FlightBookingSystem.Domain", "src\FlightBookingSystem.Domain\FlightBookingSystem.Domain.csproj", "{0F157B32-E06A-4AF7-9B4A-4E9272EFF772}"
EndProject
Project("{FAE04EC0-301F-11D3-BF4B-00C04F79EFBC}") = "FlightBookingSystem.Api", "src\FlightBookingSystem.Api\FlightBookingSystem.Api.csproj", "{9D8A0BD2-D791-462E-B60B-4407DC738075}"
EndProject
Global
	GlobalSection(SolutionConfigurationPlatforms) = preSolution
		Debug|Any CPU = Debug|Any CPU
		Debug|x64 = Debug|x64
		Debug|x86 = Debug|x86
		Release|Any CPU = Release|Any CPU
		Release|x64 = Release|x64
		Release|x86 = Release|x86
	EndGlobalSection
	GlobalSection(ProjectConfigurationPlatforms) = postSolution
		{ACE6EB05-0CDF-4056-B156-05F257B9FED0}.Debug|Any CPU.ActiveCfg = Debug|Any CPU
		{ACE6EB05-0CDF-4056-B156-05F257B9FED0}.Debug|Any CPU.Build.0 = Debug|Any CPU
		{ACE6EB05-0CDF-4056-B156-05F257B9FED0}.Debug|x64.ActiveCfg = Debug|Any CPU
		{ACE6EB05-0CDF-4056-B156-05F257B9FED0}.Debug|x64.Build.0 = Debug|Any CPU
		{ACE6EB05-0CDF-4056-B156-05F257B9FED0}.Debug|x86.ActiveCfg = Debug|Any CPU
		{ACE6EB05-0CDF-4056-B156-05F257B9FED0}.Debug|x86.Build.0 = Debug|Any CPU
		{ACE6EB05-0CDF-4056-B156-05F257B9FED0}.Release|Any CPU.ActiveCfg = Release|Any CPU
		{ACE6EB05-0CDF-4056-B156-05F257B9FED0}.Release|Any CPU.Build.0 = Release|Any CPU
		{ACE6EB05-0CDF-4056-B156-05F257B9FED0}.Release|x64.ActiveCfg = Release|Any CPU
		{ACE6EB05-0CDF-4056-B156-05F257B9FED0}.Release|x64.Build.0 = Release|Any CPU
		{ACE6EB05-0CDF-4056-B156-05F257B9FED0}.Release|x86.ActiveCfg = Release|Any CPU
		{ACE6EB05-0CDF-4056-B156-05F257B9FED0}.Release|x86.Build.0 = Release|Any CPU
		{C34D090F-606F-4487-92EE-58E73A142F59}.Debug|Any CPU.ActiveCfg = Debug|Any CPU
		{C34D090F-606F-4487-92EE-58E73A142F59}.Debug|Any CPU.Build.0 = Debug|Any CPU
		{C34D090F-606F-4487-92EE-58E73A142F59}.Debug|x64.ActiveCfg = Debug|Any CPU
		{C34D090F-606F-4487-92EE-58E73A142F59}.Debug|x64.Build.0 = Debug|Any CPU
		{C34D090F-606F-4487-92EE-58E73A142F59}.Debug|x86.ActiveCfg = Debug|Any CPU
		{C34D090F-606F-4487-92EE-58E73A142F59}.Debug|x86.Build.0 = Debug|Any CPU
		{C34D090F-606F-4487-92EE-58E73A142F59}.Release|Any CPU.ActiveCfg = Release|Any CPU
		{C34D090F-606F-4487-92EE-58E73A142F59}.Release|Any CPU.Build.0 = Release|Any CPU
		{C34D090F-606F-4487-92EE-58E73A142F59}.Release|x64.ActiveCfg = Release|Any CPU
		{C34D090F-606F-4487-92EE-58E73A142F59}.Release|x64.Build.0 = Release|Any CPU
		{C34D090F-606F-4487-92EE-58E73A142F59}.Release|x86.ActiveCfg = Release|Any CPU
		{C34D090F-606F-4487-92EE-58E73A142F59}.Release|x86.Build.0 = Release|Any CPU
		{0F157B32-E06A-4AF7-9B4A-4E9272EFF772}.Debug|Any CPU.ActiveCfg = Debug|Any CPU
		{0F157B32-E06A-4AF7-9B4A-4E9272EFF772}.Debug|Any CPU.Build.0 = Debug|Any CPU
		{0F157B32-E06A-4AF7-9B4A-4E9272EFF772}.Debug|x64.ActiveCfg = Debug|Any CPU
		{0F157B32-E06A-4AF7-9B4A-4E9272EFF772}.Debug|x64.Build.0 = Debug|Any CPU
		{0F157B32-E06A-4AF7-9B4A-4E9272EFF772}.Debug|x86.ActiveCfg = Debug|Any CPU
		{0F157B32-E06A-4AF7-9B4A-4E9272EFF772}.Debug|x86.Build.0 = Debug|Any CPU
		{0F157B32-E06A-4AF7-9B4A-4E9272EFF772}.Release|Any CPU.ActiveCfg = Release|Any CPU
		{0F157B32-E06A-4AF7-9B4A-4E9272EFF772}.Release|Any CPU.Build.0 = Release|Any CPU
		{0F157B32-E06A-4AF7-9B4A-4E9272EFF772}.Release|x64.ActiveCfg = Release|Any CPU
		{0F157B32-E06A-4AF7-9B4A-4E9272EFF772}.Release|x64.Build.0 = Release|Any CPU
		{0F157B32-E06A-4AF7-9B4A-4E9272EFF772}.Release|x86.ActiveCfg = Release|Any CPU
		{0F157B32-E06A-4AF7-9B4A-4E9272EFF772}.Release|x86.Build.0 = Release|Any CPU
		{9D8A0BD2-D791-462E-B60B-4407DC738075}.Debug|Any CPU.ActiveCfg = Debug|Any CPU
		{9D8A0BD2-D791-462E-B60B-4407DC738075}.Debug|Any CPU.Build.0 = Debug|Any CPU
		{9D8A0BD2-D791-462E-B60B-4407DC738075}.Debug|x64.ActiveCfg = Debug|Any CPU
		{9D8A0BD2-D791-462E-B60B-4407DC738075}.Debug|x64.Build.0 = Debug|Any CPU
		{9D8A0BD2-D791-462E-B60B-4407DC738075}.Debug|x86.ActiveCfg = Debug|Any CPU
		{9D8A0BD2-D791-462E-B60B-4407DC738075}.Debug|x86.Build.0 = Debug|Any CPU
		{9D8A0BD2-D791-462E-B60B-4407DC738075}.Release|Any CPU.ActiveCfg = Release|Any CPU
		{9D8A0BD2-D791-462E-B60B-4407DC738075}.Release|Any CPU.Build.0 = Release|Any CPU
		{9D8A0BD2-D791-462E-B60B-4407DC738075}.Release|x64.ActiveCfg = Release|Any CPU
		{9D8A0BD2-D791-462E-B60B-4407DC738075}.Release|x64.Build.0 = Release|Any CPU
		{9D8A0BD2-D791-462E-B60B-4407DC738075}.Release|x86.ActiveCfg = Release|Any CPU
		{9D8A0BD2-D791-462E-B60B-4407DC738075}.Release|x86.Build.0 = Release|Any CPU
	EndGlobalSection
	GlobalSection(SolutionProperties) = preSolution
		HideSolutionNode = FALSE
	EndGlobalSection
	GlobalSection(NestedProjects) = preSolution
		{ACE6EB05-0CDF-4056-B156-05F257B9FED0} = {827E0CD3-B72D-47B6-A68D-7590B98EB39B}
		{C34D090F-606F-4487-92EE-58E73A142F59} = {827E0CD3-B72D-47B6-A68D-7590B98EB39B}
		{0F157B32-E06A-4AF7-9B4A-4E9272EFF772} = {827E0CD3-B72D-47B6-A68D-7590B98EB39B}
		{9D8A0BD2-D791-462E-B60B-4407DC738075} = {827E0CD3-B72D-47B6-A68D-7590B98EB39B}
	EndGlobalSection
EndGlobal
